// !$*UTF8*$!
{
	archiveVersion = 1;
	classes = {
	};
	objectVersion = 50;
	objects = {

/* Begin PBXBuildFile section */
		E478DA1423B5C26400D87972 /* AppDelegate.swift in Sources */ = {isa = PBXBuildFile; fileRef = E478DA1323B5C26400D87972 /* AppDelegate.swift */; };
		E478DA1623B5C26400D87972 /* SceneDelegate.swift in Sources */ = {isa = PBXBuildFile; fileRef = E478DA1523B5C26400D87972 /* SceneDelegate.swift */; };
		E478DA1A23B5C26A00D87972 /* Assets.xcassets in Resources */ = {isa = PBXBuildFile; fileRef = E478DA1923B5C26A00D87972 /* Assets.xcassets */; };
		E478DA1D23B5C26A00D87972 /* Preview Assets.xcassets in Resources */ = {isa = PBXBuildFile; fileRef = E478DA1C23B5C26A00D87972 /* Preview Assets.xcassets */; };
		E478DA2023B5C26A00D87972 /* LaunchScreen.storyboard in Resources */ = {isa = PBXBuildFile; fileRef = E478DA1E23B5C26A00D87972 /* LaunchScreen.storyboard */; };
		E478DA2B23B5C26A00D87972 /* MyFirstAppTests.swift in Sources */ = {isa = PBXBuildFile; fileRef = E478DA2A23B5C26A00D87972 /* MyFirstAppTests.swift */; };
		E478DA3623B5C26A00D87972 /* MyFirstAppUITests.swift in Sources */ = {isa = PBXBuildFile; fileRef = E478DA3523B5C26A00D87972 /* MyFirstAppUITests.swift */; };
		E478DA4423B5C35200D87972 /* FirstApp.swift in Sources */ = {isa = PBXBuildFile; fileRef = E478DA4323B5C35200D87972 /* FirstApp.swift */; };
/* End PBXBuildFile section */

/* Begin PBXContainerItemProxy section */
		E478DA2723B5C26A00D87972 /* PBXContainerItemProxy */ = {
			isa = PBXContainerItemProxy;
			containerPortal = E478DA0823B5C26300D87972 /* Project object */;
			proxyType = 1;
			remoteGlobalIDString = E478DA0F23B5C26300D87972;
			remoteInfo = MyFirstApp;
		};
		E478DA3223B5C26A00D87972 /* PBXContainerItemProxy */ = {
			isa = PBXContainerItemProxy;
			containerPortal = E478DA0823B5C26300D87972 /* Project object */;
			proxyType = 1;
			remoteGlobalIDString = E478DA0F23B5C26300D87972;
			remoteInfo = MyFirstApp;
		};
/* End PBXContainerItemProxy section */

/* Begin PBXFileReference section */
		E478DA1023B5C26400D87972 /* MyFirstApp.app */ = {isa = PBXFileReference; explicitFileType = wrapper.application; includeInIndex = 0; path = MyFirstApp.app; sourceTree = BUILT_PRODUCTS_DIR; };
		E478DA1323B5C26400D87972 /* AppDelegate.swift */ = {isa = PBXFileReference; lastKnownFileType = sourcecode.swift; path = AppDelegate.swift; sourceTree = "<group>"; };
		E478DA1523B5C26400D87972 /* SceneDelegate.swift */ = {isa = PBXFileReference; lastKnownFileType = sourcecode.swift; path = SceneDelegate.swift; sourceTree = "<group>"; };
		E478DA1923B5C26A00D87972 /* Assets.xcassets */ = {isa = PBXFileReference; lastKnownFileType = folder.assetcatalog; path = Assets.xcassets; sourceTree = "<group>"; };
		E478DA1C23B5C26A00D87972 /* Preview Assets.xcassets */ = {isa = PBXFileReference; lastKnownFileType = folder.assetcatalog; path = "Preview Assets.xcassets"; sourceTree = "<group>"; };
		E478DA1F23B5C26A00D87972 /* Base */ = {isa = PBXFileReference; lastKnownFileType = file.storyboard; name = Base; path = Base.lproj/LaunchScreen.storyboard; sourceTree = "<group>"; };
		E478DA2123B5C26A00D87972 /* Info.plist */ = {isa = PBXFileReference; lastKnownFileType = text.plist.xml; path = Info.plist; sourceTree = "<group>"; };
		E478DA2623B5C26A00D87972 /* MyFirstAppTests.xctest */ = {isa = PBXFileReference; explicitFileType = wrapper.cfbundle; includeInIndex = 0; path = MyFirstAppTests.xctest; sourceTree = BUILT_PRODUCTS_DIR; };
		E478DA2A23B5C26A00D87972 /* MyFirstAppTests.swift */ = {isa = PBXFileReference; lastKnownFileType = sourcecode.swift; path = MyFirstAppTests.swift; sourceTree = "<group>"; };
		E478DA2C23B5C26A00D87972 /* Info.plist */ = {isa = PBXFileReference; lastKnownFileType = text.plist.xml; path = Info.plist; sourceTree = "<group>"; };
		E478DA3123B5C26A00D87972 /* MyFirstAppUITests.xctest */ = {isa = PBXFileReference; explicitFileType = wrapper.cfbundle; includeInIndex = 0; path = MyFirstAppUITests.xctest; sourceTree = BUILT_PRODUCTS_DIR; };
		E478DA3523B5C26A00D87972 /* MyFirstAppUITests.swift */ = {isa = PBXFileReference; lastKnownFileType = sourcecode.swift; path = MyFirstAppUITests.swift; sourceTree = "<group>"; };
		E478DA3723B5C26A00D87972 /* Info.plist */ = {isa = PBXFileReference; lastKnownFileType = text.plist.xml; path = Info.plist; sourceTree = "<group>"; };
		E478DA4323B5C35200D87972 /* FirstApp.swift */ = {isa = PBXFileReference; lastKnownFileType = sourcecode.swift; path = FirstApp.swift; sourceTree = "<group>"; };
/* End PBXFileReference section */

/* Begin PBXFrameworksBuildPhase section */
		E478DA0D23B5C26300D87972 /* Frameworks */ = {
			isa = PBXFrameworksBuildPhase;
			buildActionMask = 2147483647;
			files = (
			);
			runOnlyForDeploymentPostprocessing = 0;
		};
		E478DA2323B5C26A00D87972 /* Frameworks */ = {
			isa = PBXFrameworksBuildPhase;
			buildActionMask = 2147483647;
			files = (
			);
			runOnlyForDeploymentPostprocessing = 0;
		};
		E478DA2E23B5C26A00D87972 /* Frameworks */ = {
			isa = PBXFrameworksBuildPhase;
			buildActionMask = 2147483647;
			files = (
			);
			runOnlyForDeploymentPostprocessing = 0;
		};
/* End PBXFrameworksBuildPhase section */

/* Begin PBXGroup section */
		E478DA0723B5C26300D87972 = {
			isa = PBXGroup;
			children = (
				E478DA1223B5C26400D87972 /* MyFirstApp */,
				E478DA2923B5C26A00D87972 /* MyFirstAppTests */,
				E478DA3423B5C26A00D87972 /* MyFirstAppUITests */,
				E478DA1123B5C26400D87972 /* Products */,
			);
			sourceTree = "<group>";
		};
		E478DA1123B5C26400D87972 /* Products */ = {
			isa = PBXGroup;
			children = (
				E478DA1023B5C26400D87972 /* MyFirstApp.app */,
				E478DA2623B5C26A00D87972 /* MyFirstAppTests.xctest */,
				E478DA3123B5C26A00D87972 /* MyFirstAppUITests.xctest */,
			);
			name = Products;
			sourceTree = "<group>";
		};
		E478DA1223B5C26400D87972 /* MyFirstApp */ = {
			isa = PBXGroup;
			children = (
				E478DA1323B5C26400D87972 /* AppDelegate.swift */,
				E478DA1523B5C26400D87972 /* SceneDelegate.swift */,
				E478DA4323B5C35200D87972 /* FirstApp.swift */,
				E478DA1923B5C26A00D87972 /* Assets.xcassets */,
				E478DA1E23B5C26A00D87972 /* LaunchScreen.storyboard */,
				E478DA2123B5C26A00D87972 /* Info.plist */,
				E478DA1B23B5C26A00D87972 /* Preview Content */,
			);
			path = MyFirstApp;
			sourceTree = "<group>";
		};
		E478DA1B23B5C26A00D87972 /* Preview Content */ = {
			isa = PBXGroup;
			children = (
				E478DA1C23B5C26A00D87972 /* Preview Assets.xcassets */,
			);
			path = "Preview Content";
			sourceTree = "<group>";
		};
		E478DA2923B5C26A00D87972 /* MyFirstAppTests */ = {
			isa = PBXGroup;
			children = (
				E478DA2A23B5C26A00D87972 /* MyFirstAppTests.swift */,
				E478DA2C23B5C26A00D87972 /* Info.plist */,
			);
			path = MyFirstAppTests;
			sourceTree = "<group>";
		};
		E478DA3423B5C26A00D87972 /* MyFirstAppUITests */ = {
			isa = PBXGroup;
			children = (
				E478DA3523B5C26A00D87972 /* MyFirstAppUITests.swift */,
				E478DA3723B5C26A00D87972 /* Info.plist */,
			);
			path = MyFirstAppUITests;
			sourceTree = "<group>";
		};
/* End PBXGroup section */

/* Begin PBXNativeTarget section */
		E478DA0F23B5C26300D87972 /* MyFirstApp */ = {
			isa = PBXNativeTarget;
			buildConfigurationList = E478DA3A23B5C26A00D87972 /* Build configuration list for PBXNativeTarget "MyFirstApp" */;
			buildPhases = (
				E478DA0C23B5C26300D87972 /* Sources */,
				E478DA0D23B5C26300D87972 /* Frameworks */,
				E478DA0E23B5C26300D87972 /* Resources */,
			);
			buildRules = (
			);
			dependencies = (
			);
			name = MyFirstApp;
			productName = MyFirstApp;
			productReference = E478DA1023B5C26400D87972 /* MyFirstApp.app */;
			productType = "com.apple.product-type.application";
		};
		E478DA2523B5C26A00D87972 /* MyFirstAppTests */ = {
			isa = PBXNativeTarget;
			buildConfigurationList = E478DA3D23B5C26A00D87972 /* Build configuration list for PBXNativeTarget "MyFirstAppTests" */;
			buildPhases = (
				E478DA2223B5C26A00D87972 /* Sources */,
				E478DA2323B5C26A00D87972 /* Frameworks */,
				E478DA2423B5C26A00D87972 /* Resources */,
			);
			buildRules = (
			);
			dependencies = (
				E478DA2823B5C26A00D87972 /* PBXTargetDependency */,
			);
			name = MyFirstAppTests;
			productName = MyFirstAppTests;
			productReference = E478DA2623B5C26A00D87972 /* MyFirstAppTests.xctest */;
			productType = "com.apple.product-type.bundle.unit-test";
		};
		E478DA3023B5C26A00D87972 /* MyFirstAppUITests */ = {
			isa = PBXNativeTarget;
			buildConfigurationList = E478DA4023B5C26A00D87972 /* Build configuration list for PBXNativeTarget "MyFirstAppUITests" */;
			buildPhases = (
				E478DA2D23B5C26A00D87972 /* Sources */,
				E478DA2E23B5C26A00D87972 /* Frameworks */,
				E478DA2F23B5C26A00D87972 /* Resources */,
			);
			buildRules = (
			);
			dependencies = (
				E478DA3323B5C26A00D87972 /* PBXTargetDependency */,
			);
			name = MyFirstAppUITests;
			productName = MyFirstAppUITests;
			productReference = E478DA3123B5C26A00D87972 /* MyFirstAppUITests.xctest */;
			productType = "com.apple.product-type.bundle.ui-testing";
		};
/* End PBXNativeTarget section */

/* Begin PBXProject section */
		E478DA0823B5C26300D87972 /* Project object */ = {
			isa = PBXProject;
			attributes = {
				LastSwiftUpdateCheck = 1130;
				LastUpgradeCheck = 1130;
				ORGANIZATIONNAME = "Muhammad Waqar";
				TargetAttributes = {
					E478DA0F23B5C26300D87972 = {
						CreatedOnToolsVersion = 11.3;
					};
					E478DA2523B5C26A00D87972 = {
						CreatedOnToolsVersion = 11.3;
						TestTargetID = E478DA0F23B5C26300D87972;
					};
					E478DA3023B5C26A00D87972 = {
						CreatedOnToolsVersion = 11.3;
						TestTargetID = E478DA0F23B5C26300D87972;
					};
				};
			};
			buildConfigurationList = E478DA0B23B5C26300D87972 /* Build configuration list for PBXProject "MyFirstApp" */;
			compatibilityVersion = "Xcode 9.3";
			developmentRegion = en;
			hasScannedForEncodings = 0;
			knownRegions = (
				en,
				Base,
			);
			mainGroup = E478DA0723B5C26300D87972;
			productRefGroup = E478DA1123B5C26400D87972 /* Products */;
			projectDirPath = "";
			projectRoot = "";
			targets = (
				E478DA0F23B5C26300D87972 /* MyFirstApp */,
				E478DA2523B5C26A00D87972 /* MyFirstAppTests */,
				E478DA3023B5C26A00D87972 /* MyFirstAppUITests */,
			);
		};
/* End PBXProject section */

/* Begin PBXResourcesBuildPhase section */
		E478DA0E23B5C26300D87972 /* Resources */ = {
			isa = PBXResourcesBuildPhase;
			buildActionMask = 2147483647;
			files = (
				E478DA2023B5C26A00D87972 /* LaunchScreen.storyboard in Resources */,
				E478DA1D23B5C26A00D87972 /* Preview Assets.xcassets in Resources */,
				E478DA1A23B5C26A00D87972 /* Assets.xcassets in Resources */,
			);
			runOnlyForDeploymentPostprocessing = 0;
		};
		E478DA2423B5C26A00D87972 /* Resources */ = {
			isa = PBXResourcesBuildPhase;
			buildActionMask = 2147483647;
			files = (
			);
			runOnlyForDeploymentPostprocessing = 0;
		};
		E478DA2F23B5C26A00D87972 /* Resources */ = {
			isa = PBXResourcesBuildPhase;
			buildActionMask = 2147483647;
			files = (
			);
			runOnlyForDeploymentPostprocessing = 0;
		};
/* End PBXResourcesBuildPhase section */

/* Begin PBXSourcesBuildPhase section */
		E478DA0C23B5C26300D87972 /* Sources */ = {
			isa = PBXSourcesBuildPhase;
			buildActionMask = 2147483647;
			files = (
				E478DA1423B5C26400D87972 /* AppDelegate.swift in Sources */,
				E478DA4423B5C35200D87972 /* FirstApp.swift in Sources */,
				E478DA1623B5C26400D87972 /* SceneDelegate.swift in Sources */,
			);
			runOnlyForDeploymentPostprocessing = 0;
		};
		E478DA2223B5C26A00D87972 /* Sources */ = {
			isa = PBXSourcesBuildPhase;
			buildActionMask = 2147483647;
			files = (
				E478DA2B23B5C26A00D87972 /* MyFirstAppTests.swift in Sources */,
			);
			runOnlyForDeploymentPostprocessing = 0;
		};
		E478DA2D23B5C26A00D87972 /* Sources */ = {
			isa = PBXSourcesBuildPhase;
			buildActionMask = 2147483647;
			files = (
				E478DA3623B5C26A00D87972 /* MyFirstAppUITests.swift in Sources */,
			);
			runOnlyForDeploymentPostprocessing = 0;
		};
/* End PBXSourcesBuildPhase section */

/* Begin PBXTargetDependency section */
		E478DA2823B5C26A00D87972 /* PBXTargetDependency */ = {
			isa = PBXTargetDependency;
			target = E478DA0F23B5C26300D87972 /* MyFirstApp */;
			targetProxy = E478DA2723B5C26A00D87972 /* PBXContainerItemProxy */;
		};
		E478DA3323B5C26A00D87972 /* PBXTargetDependency */ = {
			isa = PBXTargetDependency;
			target = E478DA0F23B5C26300D87972 /* MyFirstApp */;
			targetProxy = E478DA3223B5C26A00D87972 /* PBXContainerItemProxy */;
		};
/* End PBXTargetDependency section */

/* Begin PBXVariantGroup section */
		E478DA1E23B5C26A00D87972 /* LaunchScreen.storyboard */ = {
			isa = PBXVariantGroup;
			children = (
				E478DA1F23B5C26A00D87972 /* Base */,
			);
			name = LaunchScreen.storyboard;
			sourceTree = "<group>";
		};
/* End PBXVariantGroup section */

/* Begin XCBuildConfiguration section */
		E478DA3823B5C26A00D87972 /* Debug */ = {
			isa = XCBuildConfiguration;
			buildSettings = {
				ALWAYS_SEARCH_USER_PATHS = NO;
				CLANG_ANALYZER_NONNULL = YES;
				CLANG_ANALYZER_NUMBER_OBJECT_CONVERSION = YES_AGGRESSIVE;
				CLANG_CXX_LANGUAGE_STANDARD = "gnu++14";
				CLANG_CXX_LIBRARY = "libc++";
				CLANG_ENABLE_MODULES = YES;
				CLANG_ENABLE_OBJC_ARC = YES;
				CLANG_ENABLE_OBJC_WEAK = YES;
				CLANG_WARN_BLOCK_CAPTURE_AUTORELEASING = YES;
				CLANG_WARN_BOOL_CONVERSION = YES;
				CLANG_WARN_COMMA = YES;
				CLANG_WARN_CONSTANT_CONVERSION = YES;
				CLANG_WARN_DEPRECATED_OBJC_IMPLEMENTATIONS = YES;
				CLANG_WARN_DIRECT_OBJC_ISA_USAGE = YES_ERROR;
				CLANG_WARN_DOCUMENTATION_COMMENTS = YES;
				CLANG_WARN_EMPTY_BODY = YES;
				CLANG_WARN_ENUM_CONVERSION = YES;
				CLANG_WARN_INFINITE_RECURSION = YES;
				CLANG_WARN_INT_CONVERSION = YES;
				CLANG_WARN_NON_LITERAL_NULL_CONVERSION = YES;
				CLANG_WARN_OBJC_IMPLICIT_RETAIN_SELF = YES;
				CLANG_WARN_OBJC_LITERAL_CONVERSION = YES;
				CLANG_WARN_OBJC_ROOT_CLASS = YES_ERROR;
				CLANG_WARN_RANGE_LOOP_ANALYSIS = YES;
				CLANG_WARN_STRICT_PROTOTYPES = YES;
				CLANG_WARN_SUSPICIOUS_MOVE = YES;
				CLANG_WARN_UNGUARDED_AVAILABILITY = YES_AGGRESSIVE;
				CLANG_WARN_UNREACHABLE_CODE = YES;
				CLANG_WARN__DUPLICATE_METHOD_MATCH = YES;
				COPY_PHASE_STRIP = NO;
				DEBUG_INFORMATION_FORMAT = dwarf;
				ENABLE_STRICT_OBJC_MSGSEND = YES;
				ENABLE_TESTABILITY = YES;
				GCC_C_LANGUAGE_STANDARD = gnu11;
				GCC_DYNAMIC_NO_PIC = NO;
				GCC_NO_COMMON_BLOCKS = YES;
				GCC_OPTIMIZATION_LEVEL = 0;
				GCC_PREPROCESSOR_DEFINITIONS = (
					"DEBUG=1",
					"$(inherited)",
				);
				GCC_WARN_64_TO_32_BIT_CONVERSION = YES;
				GCC_WARN_ABOUT_RETURN_TYPE = YES_ERROR;
				GCC_WARN_UNDECLARED_SELECTOR = YES;
				GCC_WARN_UNINITIALIZED_AUTOS = YES_AGGRESSIVE;
				GCC_WARN_UNUSED_FUNCTION = YES;
				GCC_WARN_UNUSED_VARIABLE = YES;
				IPHONEOS_DEPLOYMENT_TARGET = 13.2;
				MTL_ENABLE_DEBUG_INFO = INCLUDE_SOURCE;
				MTL_FAST_MATH = YES;
				ONLY_ACTIVE_ARCH = YES;
				SDKROOT = iphoneos;
				SWIFT_ACTIVE_COMPILATION_CONDITIONS = DEBUG;
				SWIFT_OPTIMIZATION_LEVEL = "-Onone";
			};
			name = Debug;
		};
		E478DA3923B5C26A00D87972 /* Release */ = {
			isa = XCBuildConfiguration;
			buildSettings = {
				ALWAYS_SEARCH_USER_PATHS = NO;
				CLANG_ANALYZER_NONNULL = YES;
				CLANG_ANALYZER_NUMBER_OBJECT_CONVERSION = YES_AGGRESSIVE;
				CLANG_CXX_LANGUAGE_STANDARD = "gnu++14";
				CLANG_CXX_LIBRARY = "libc++";
				CLANG_ENABLE_MODULES = YES;
				CLANG_ENABLE_OBJC_ARC = YES;
				CLANG_ENABLE_OBJC_WEAK = YES;
				CLANG_WARN_BLOCK_CAPTURE_AUTORELEASING = YES;
				CLANG_WARN_BOOL_CONVERSION = YES;
				CLANG_WARN_COMMA = YES;
				CLANG_WARN_CONSTANT_CONVERSION = YES;
				CLANG_WARN_DEPRECATED_OBJC_IMPLEMENTATIONS = YES;
				CLANG_WARN_DIRECT_OBJC_ISA_USAGE = YES_ERROR;
				CLANG_WARN_DOCUMENTATION_COMMENTS = YES;
				CLANG_WARN_EMPTY_BODY = YES;
				CLANG_WARN_ENUM_CONVERSION = YES;
				CLANG_WARN_INFINITE_RECURSION = YES;
				CLANG_WARN_INT_CONVERSION = YES;
				CLANG_WARN_NON_LITERAL_NULL_CONVERSION = YES;
				CLANG_WARN_OBJC_IMPLICIT_RETAIN_SELF = YES;
				CLANG_WARN_OBJC_LITERAL_CONVERSION = YES;
				CLANG_WARN_OBJC_ROOT_CLASS = YES_ERROR;
				CLANG_WARN_RANGE_LOOP_ANALYSIS = YES;
				CLANG_WARN_STRICT_PROTOTYPES = YES;
				CLANG_WARN_SUSPICIOUS_MOVE = YES;
				CLANG_WARN_UNGUARDED_AVAILABILITY = YES_AGGRESSIVE;
				CLANG_WARN_UNREACHABLE_CODE = YES;
				CLANG_WARN__DUPLICATE_METHOD_MATCH = YES;
				COPY_PHASE_STRIP = NO;
				DEBUG_INFORMATION_FORMAT = "dwarf-with-dsym";
				ENABLE_NS_ASSERTIONS = NO;
				ENABLE_STRICT_OBJC_MSGSEND = YES;
				GCC_C_LANGUAGE_STANDARD = gnu11;
				GCC_NO_COMMON_BLOCKS = YES;
				GCC_WARN_64_TO_32_BIT_CONVERSION = YES;
				GCC_WARN_ABOUT_RETURN_TYPE = YES_ERROR;
				GCC_WARN_UNDECLARED_SELECTOR = YES;
				GCC_WARN_UNINITIALIZED_AUTOS = YES_AGGRESSIVE;
				GCC_WARN_UNUSED_FUNCTION = YES;
				GCC_WARN_UNUSED_VARIABLE = YES;
				IPHONEOS_DEPLOYMENT_TARGET = 13.2;
				MTL_ENABLE_DEBUG_INFO = NO;
				MTL_FAST_MATH = YES;
				SDKROOT = iphoneos;
				SWIFT_COMPILATION_MODE = wholemodule;
				SWIFT_OPTIMIZATION_LEVEL = "-O";
				VALIDATE_PRODUCT = YES;
			};
			name = Release;
		};
		E478DA3B23B5C26A00D87972 /* Debug */ = {
			isa = XCBuildConfiguration;
			buildSettings = {
				ASSETCATALOG_COMPILER_APPICON_NAME = AppIcon;
				CODE_SIGN_STYLE = Automatic;
				DEVELOPMENT_ASSET_PATHS = "\"MyFirstApp/Preview Content\"";
				ENABLE_PREVIEWS = YES;
				INFOPLIST_FILE = MyFirstApp/Info.plist;
				LD_RUNPATH_SEARCH_PATHS = (
					"$(inherited)",
					"@executable_path/Frameworks",
				);
				PRODUCT_BUNDLE_IDENTIFIER = com.waqarm.MyFirstApp;
				PRODUCT_NAME = "$(TARGET_NAME)";
				SWIFT_VERSION = 5.0;
				TARGETED_DEVICE_FAMILY = "1,2";
			};
			name = Debug;
		};
		E478DA3C23B5C26A00D87972 /* Release */ = {
			isa = XCBuildConfiguration;
			buildSettings = {
				ASSETCATALOG_COMPILER_APPICON_NAME = AppIcon;
				CODE_SIGN_STYLE = Automatic;
				DEVELOPMENT_ASSET_PATHS = "\"MyFirstApp/Preview Content\"";
				ENABLE_PREVIEWS = YES;
				INFOPLIST_FILE = MyFirstApp/Info.plist;
				LD_RUNPATH_SEARCH_PATHS = (
					"$(inherited)",
					"@executable_path/Frameworks",
				);
				PRODUCT_BUNDLE_IDENTIFIER = com.waqarm.MyFirstApp;
				PRODUCT_NAME = "$(TARGET_NAME)";
				SWIFT_VERSION = 5.0;
				TARGETED_DEVICE_FAMILY = "1,2";
			};
			name = Release;
		};
		E478DA3E23B5C26A00D87972 /* Debug */ = {
			isa = XCBuildConfiguration;
			buildSettings = {
				ALWAYS_EMBED_SWIFT_STANDARD_LIBRARIES = YES;
				BUNDLE_LOADER = "$(TEST_HOST)";
				CODE_SIGN_STYLE = Automatic;
				INFOPLIST_FILE = MyFirstAppTests/Info.plist;
				IPHONEOS_DEPLOYMENT_TARGET = 13.2;
				LD_RUNPATH_SEARCH_PATHS = (
					"$(inherited)",
					"@executable_path/Frameworks",
					"@loader_path/Frameworks",
				);
				PRODUCT_BUNDLE_IDENTIFIER = com.waqarm.MyFirstAppTests;
				PRODUCT_NAME = "$(TARGET_NAME)";
				SWIFT_VERSION = 5.0;
				TARGETED_DEVICE_FAMILY = "1,2";
				TEST_HOST = "$(BUILT_PRODUCTS_DIR)/MyFirstApp.app/MyFirstApp";
			};
			name = Debug;
		};
		E478DA3F23B5C26A00D87972 /* Release */ = {
			isa = XCBuildConfiguration;
			buildSettings = {
				ALWAYS_EMBED_SWIFT_STANDARD_LIBRARIES = YES;
				BUNDLE_LOADER = "$(TEST_HOST)";
				CODE_SIGN_STYLE = Automatic;
				INFOPLIST_FILE = MyFirstAppTests/Info.plist;
				IPHONEOS_DEPLOYMENT_TARGET = 13.2;
				LD_RUNPATH_SEARCH_PATHS = (
					"$(inherited)",
					"@executable_path/Frameworks",
					"@loader_path/Frameworks",
				);
				PRODUCT_BUNDLE_IDENTIFIER = com.waqarm.MyFirstAppTests;
				PRODUCT_NAME = "$(TARGET_NAME)";
				SWIFT_VERSION = 5.0;
				TARGETED_DEVICE_FAMILY = "1,2";
				TEST_HOST = "$(BUILT_PRODUCTS_DIR)/MyFirstApp.app/MyFirstApp";
			};
			name = Release;
		};
		E478DA4123B5C26A00D87972 /* Debug */ = {
			isa = XCBuildConfiguration;
			buildSettings = {
				ALWAYS_EMBED_SWIFT_STANDARD_LIBRARIES = YES;
				CODE_SIGN_STYLE = Automatic;
				INFOPLIST_FILE = MyFirstAppUITests/Info.plist;
				LD_RUNPATH_SEARCH_PATHS = (
					"$(inherited)",
					"@executable_path/Frameworks",
					"@loader_path/Frameworks",
				);
				PRODUCT_BUNDLE_IDENTIFIER = com.waqarm.MyFirstAppUITests;
				PRODUCT_NAME = "$(TARGET_NAME)";
				SWIFT_VERSION = 5.0;
				TARGETED_DEVICE_FAMILY = "1,2";
				TEST_TARGET_NAME = MyFirstApp;
			};
			name = Debug;
		};
		E478DA4223B5C26A00D87972 /* Release */ = {
			isa = XCBuildConfiguration;
			buildSettings = {
				ALWAYS_EMBED_SWIFT_STANDARD_LIBRARIES = YES;
				CODE_SIGN_STYLE = Automatic;
				INFOPLIST_FILE = MyFirstAppUITests/Info.plist;
				LD_RUNPATH_SEARCH_PATHS = (
					"$(inherited)",
					"@executable_path/Frameworks",
					"@loader_path/Frameworks",
				);
				PRODUCT_BUNDLE_IDENTIFIER = com.waqarm.MyFirstAppUITests;
				PRODUCT_NAME = "$(TARGET_NAME)";
				SWIFT_VERSION = 5.0;
				TARGETED_DEVICE_FAMILY = "1,2";
				TEST_TARGET_NAME = MyFirstApp;
			};
			name = Release;
		};
/* End XCBuildConfiguration section */

/* Begin XCConfigurationList section */
		E478DA0B23B5C26300D87972 /* Build configuration list for PBXProject "MyFirstApp" */ = {
			isa = XCConfigurationList;
			buildConfigurations = (
				E478DA3823B5C26A00D87972 /* Debug */,
				E478DA3923B5C26A00D87972 /* Release */,
			);
			defaultConfigurationIsVisible = 0;
			defaultConfigurationName = Release;
		};
		E478DA3A23B5C26A00D87972 /* Build configuration list for PBXNativeTarget "MyFirstApp" */ = {
			isa = XCConfigurationList;
			buildConfigurations = (
				E478DA3B23B5C26A00D87972 /* Debug */,
				E478DA3C23B5C26A00D87972 /* Release */,
			);
			defaultConfigurationIsVisible = 0;
			defaultConfigurationName = Release;
		};
		E478DA3D23B5C26A00D87972 /* Build configuration list for PBXNativeTarget "MyFirstAppTests" */ = {
			isa = XCConfigurationList;
			buildConfigurations = (
				E478DA3E23B5C26A00D87972 /* Debug */,
				E478DA3F23B5C26A00D87972 /* Release */,
			);
			defaultConfigurationIsVisible = 0;
			defaultConfigurationName = Release;
		};
		E478DA4023B5C26A00D87972 /* Build configuration list for PBXNativeTarget "MyFirstAppUITests" */ = {
			isa = XCConfigurationList;
			buildConfigurations = (
				E478DA4123B5C26A00D87972 /* Debug */,
				E478DA4223B5C26A00D87972 /* Release */,
			);
			defaultConfigurationIsVisible = 0;
			defaultConfigurationName = Release;
		};
/* End XCConfigurationList section */
	};
	rootObject = E478DA0823B5C26300D87972 /* Project object */;
}
